
Microsoft Visual Studio Solution File, Format Version 12.00
# Visual Studio Version 17
VisualStudioVersion = 17.7.34031.279
MinimumVisualStudioVersion = 10.0.40219.1
Project("{FAE04EC0-301F-11D3-BF4B-00C04F79EFBC}") = "FyersApiClient", "FyersApiClient\FyersApiClient.csproj", "{B949954E-5C22-441A-89B1-713D45FAF129}"
EndProject
Project("{FAE04EC0-301F-11D3-BF4B-00C04F79EFBC}") = "FyersApiLibrary", "FyersApiLibrary\FyersApiLibrary.csproj", "{C9275419-448D-4314-A588-0EFC6A95766C}"
EndProject
Global
	GlobalSection(SolutionConfigurationPlatforms) = preSolution
		Debug|Any CPU = Debug|Any CPU
		Release|Any CPU = Release|Any CPU
	EndGlobalSection
	GlobalSection(ProjectConfigurationPlatforms) = postSolution
		{B949954E-5C22-441A-89B1-713D45FAF129}.Debug|Any CPU.ActiveCfg = Debug|Any CPU
		{B949954E-5C22-441A-89B1-713D45FAF129}.Debug|Any CPU.Build.0 = Debug|Any CPU
		{B949954E-5C22-441A-89B1-713D45FAF129}.Release|Any CPU.ActiveCfg = Release|Any CPU
		{B949954E-5C22-441A-89B1-713D45FAF129}.Release|Any CPU.Build.0 = Release|Any CPU
		{C9275419-448D-4314-A588-0EFC6A95766C}.Debug|Any CPU.ActiveCfg = Debug|Any CPU
		{C9275419-448D-4314-A588-0EFC6A95766C}.Debug|Any CPU.Build.0 = Debug|Any CPU
		{C9275419-448D-4314-A588-0EFC6A95766C}.Release|Any CPU.ActiveCfg = Release|Any CPU
		{C9275419-448D-4314-A588-0EFC6A95766C}.Release|Any CPU.Build.0 = Release|Any CPU
	EndGlobalSection
	GlobalSection(SolutionProperties) = preSolution
		HideSolutionNode = FALSE
	EndGlobalSection
	GlobalSection(ExtensibilityGlobals) = postSolution
		SolutionGuid = {14C369E3-29E6-4CCD-AAD3-53ECA471D50A}
	EndGlobalSection
EndGlobal
